
Microsoft Visual Studio Solution File, Format Version 12.00
# Visual Studio Version 17
VisualStudioVersion = 17.2.32630.192
MinimumVisualStudioVersion = 10.0.40219.1
Project("{FAE04EC0-301F-11D3-BF4B-00C04F79EFBC}") = "MVCDemo", "MVCDemo\MVCDemo.csproj", "{DDF86A1E-5871-4076-B530-AC0D311B83EC}"
EndProject
Global
	GlobalSection(SolutionConfigurationPlatforms) = preSolution
		Debug|Any CPU = Debug|Any CPU
		Release|Any CPU = Release|Any CPU
	EndGlobalSection
	GlobalSection(ProjectConfigurationPlatforms) = postSolution
		{DDF86A1E-5871-4076-B530-AC0D311B83EC}.Debug|Any CPU.ActiveCfg = Debug|Any CPU
		{DDF86A1E-5871-4076-B530-AC0D311B83EC}.Debug|Any CPU.Build.0 = Debug|Any CPU
		{DDF86A1E-5871-4076-B530-AC0D311B83EC}.Release|Any CPU.ActiveCfg = Release|Any CPU
		{DDF86A1E-5871-4076-B530-AC0D311B83EC}.Release|Any CPU.Build.0 = Release|Any CPU
	EndGlobalSection
	GlobalSection(SolutionProperties) = preSolution
		HideSolutionNode = FALSE
	EndGlobalSection
	GlobalSection(ExtensibilityGlobals) = postSolution
		SolutionGuid = {EC95C2F0-0263-44E6-B1C7-4EBDC97361E6}
	EndGlobalSection
EndGlobal
